{
  "name": "console_prototype",
  "version": "1.0.0",
  "lockfileVersion": 1,
  "requires": true,
  "dependencies": {
    "console-log-tree": {
      "version": "1.2.1",
      "resolved": "https://registry.npmjs.org/console-log-tree/-/console-log-tree-1.2.1.tgz",
      "integrity": "sha512-qIr67nbaNUfhRoa0uz05Wt8TPA1fpaLdw6EZ1y3dbiHhIJ46Q+ciaJxYPx0MQGHZZKbbH4walRTZZve7WDHBxg=="
    }
  }
}
